
Microsoft Visual Studio Solution File, Format Version 12.00
# Visual Studio Version 17
VisualStudioVersion = 17.5.33414.496
MinimumVisualStudioVersion = 10.0.40219.1
Project("{FAE04EC0-301F-11D3-BF4B-00C04F79EFBC}") = "ExercicioSaque", "ExercicioSaque\ExercicioSaque.csproj", "{FE4D1D6D-AAC3-4276-96C8-03215FD6ADF2}"
EndProject
Global
	GlobalSection(SolutionConfigurationPlatforms) = preSolution
		Debug|Any CPU = Debug|Any CPU
		Release|Any CPU = Release|Any CPU
	EndGlobalSection
	GlobalSection(ProjectConfigurationPlatforms) = postSolution
		{FE4D1D6D-AAC3-4276-96C8-03215FD6ADF2}.Debug|Any CPU.ActiveCfg = Debug|Any CPU
		{FE4D1D6D-AAC3-4276-96C8-03215FD6ADF2}.Debug|Any CPU.Build.0 = Debug|Any CPU
		{FE4D1D6D-AAC3-4276-96C8-03215FD6ADF2}.Release|Any CPU.ActiveCfg = Release|Any CPU
		{FE4D1D6D-AAC3-4276-96C8-03215FD6ADF2}.Release|Any CPU.Build.0 = Release|Any CPU
	EndGlobalSection
	GlobalSection(SolutionProperties) = preSolution
		HideSolutionNode = FALSE
	EndGlobalSection
	GlobalSection(ExtensibilityGlobals) = postSolution
		SolutionGuid = {DA514CBE-83B8-48BC-B674-77A0D2E45C3D}
	EndGlobalSection
EndGlobal
